
Microsoft Visual Studio Solution File, Format Version 12.00
# Visual Studio Version 17
VisualStudioVersion = 17.0.31903.59
MinimumVisualStudioVersion = 10.0.40219.1
Project("{2150E333-8FDC-42A3-9474-1A3956D46DE8}") = "src", "src", "{827E0CD3-B72D-47B6-A68D-7590B98EB39B}"
EndProject
Project("{FAE04EC0-301F-11D3-BF4B-00C04F79EFBC}") = "SkillSwapAPI.Domain", "src\SkillSwapAPI.Domain\SkillSwapAPI.Domain.csproj", "{FF9173A0-FE4C-4C2C-AA2B-FEDA8581A122}"
EndProject
Project("{FAE04EC0-301F-11D3-BF4B-00C04F79EFBC}") = "SkillSwapAPI.Application", "src\SkillSwapAPI.Application\SkillSwapAPI.Application.csproj", "{77246599-5DF6-4E99-B48E-260454AE825C}"
EndProject
Project("{FAE04EC0-301F-11D3-BF4B-00C04F79EFBC}") = "SkillSwapAPI.Infrastructure", "src\SkillSwapAPI.Infrastructure\SkillSwapAPI.Infrastructure.csproj", "{ABA4FA64-E12C-4AF4-AF78-2991CF61BD21}"
EndProject
Project("{FAE04EC0-301F-11D3-BF4B-00C04F79EFBC}") = "SkillSwapAPI.API", "src\SkillSwapAPI.API\SkillSwapAPI.API.csproj", "{FA4CE99B-99DD-42BA-81D3-AEE7B5499274}"
EndProject
Project("{2150E333-8FDC-42A3-9474-1A3956D46DE8}") = "tests", "tests", "{0AB3BF05-4346-4AA6-1389-037BE0695223}"
EndProject
Project("{FAE04EC0-301F-11D3-BF4B-00C04F79EFBC}") = "SkillSwapAPI.Domain.UnitTests", "tests\SkillSwapAPI.Domain.UnitTests\SkillSwapAPI.Domain.UnitTests.csproj", "{1D2449CC-BDC6-4169-94E7-680010DDF0C9}"
EndProject
Project("{FAE04EC0-301F-11D3-BF4B-00C04F79EFBC}") = "SkillSwapAPI.Application.UnitTests", "tests\SkillSwapAPI.Application.UnitTests\SkillSwapAPI.Application.UnitTests.csproj", "{70067E02-11A6-42C1-8D37-9E67BB742A90}"
EndProject
Project("{FAE04EC0-301F-11D3-BF4B-00C04F79EFBC}") = "SkillSwapAPI.Application.IntegrationTests", "tests\SkillSwapAPI.API.IntegrationTests\SkillSwapAPI.Application.IntegrationTests.csproj", "{B454C9F4-EE2C-4100-AAE9-9F5E9C012B2A}"
EndProject
Project("{2150E333-8FDC-42A3-9474-1A3956D46DE8}") = "Solution Items", "Solution Items", "{8EC462FD-D22E-90A8-E5CE-7E832BA40C5D}"
	ProjectSection(SolutionItems) = preProject
		docs\ARCHITECTURE.md = docs\ARCHITECTURE.md
	EndProjectSection
EndProject
Project("{FAE04EC0-301F-11D3-BF4B-00C04F79EFBC}") = "SkillSwapAPI.Infrastructure.UnitTests", "tests\SkillSwapAPI.Infrastructure.UnitTests\SkillSwapAPI.Infrastructure.UnitTests.csproj", "{74FE2B0D-961B-4548-9323-C0D64A4432CC}"
EndProject
Project("{FAE04EC0-301F-11D3-BF4B-00C04F79EFBC}") = "SkillSwapAPI.LoadTests", "tests\SkillSwapAPI.LoadTests\SkillSwapAPI.LoadTests.csproj", "{A3B8395C-3CE5-4094-9F40-40A7D2DA31D5}"
EndProject
Global
	GlobalSection(SolutionConfigurationPlatforms) = preSolution
		Debug|Any CPU = Debug|Any CPU
		Debug|x64 = Debug|x64
		Debug|x86 = Debug|x86
		Release|Any CPU = Release|Any CPU
		Release|x64 = Release|x64
		Release|x86 = Release|x86
	EndGlobalSection
	GlobalSection(ProjectConfigurationPlatforms) = postSolution
		{FF9173A0-FE4C-4C2C-AA2B-FEDA8581A122}.Debug|Any CPU.ActiveCfg = Debug|Any CPU
		{FF9173A0-FE4C-4C2C-AA2B-FEDA8581A122}.Debug|Any CPU.Build.0 = Debug|Any CPU
		{FF9173A0-FE4C-4C2C-AA2B-FEDA8581A122}.Debug|x64.ActiveCfg = Debug|Any CPU
		{FF9173A0-FE4C-4C2C-AA2B-FEDA8581A122}.Debug|x64.Build.0 = Debug|Any CPU
		{FF9173A0-FE4C-4C2C-AA2B-FEDA8581A122}.Debug|x86.ActiveCfg = Debug|Any CPU
		{FF9173A0-FE4C-4C2C-AA2B-FEDA8581A122}.Debug|x86.Build.0 = Debug|Any CPU
		{FF9173A0-FE4C-4C2C-AA2B-FEDA8581A122}.Release|Any CPU.ActiveCfg = Release|Any CPU
		{FF9173A0-FE4C-4C2C-AA2B-FEDA8581A122}.Release|Any CPU.Build.0 = Release|Any CPU
		{FF9173A0-FE4C-4C2C-AA2B-FEDA8581A122}.Release|x64.ActiveCfg = Release|Any CPU
		{FF9173A0-FE4C-4C2C-AA2B-FEDA8581A122}.Release|x64.Build.0 = Release|Any CPU
		{FF9173A0-FE4C-4C2C-AA2B-FEDA8581A122}.Release|x86.ActiveCfg = Release|Any CPU
		{FF9173A0-FE4C-4C2C-AA2B-FEDA8581A122}.Release|x86.Build.0 = Release|Any CPU
		{77246599-5DF6-4E99-B48E-260454AE825C}.Debug|Any CPU.ActiveCfg = Debug|Any CPU
		{77246599-5DF6-4E99-B48E-260454AE825C}.Debug|Any CPU.Build.0 = Debug|Any CPU
		{77246599-5DF6-4E99-B48E-260454AE825C}.Debug|x64.ActiveCfg = Debug|Any CPU
		{77246599-5DF6-4E99-B48E-260454AE825C}.Debug|x64.Build.0 = Debug|Any CPU
		{77246599-5DF6-4E99-B48E-260454AE825C}.Debug|x86.ActiveCfg = Debug|Any CPU
		{77246599-5DF6-4E99-B48E-260454AE825C}.Debug|x86.Build.0 = Debug|Any CPU
		{77246599-5DF6-4E99-B48E-260454AE825C}.Release|Any CPU.ActiveCfg = Release|Any CPU
		{77246599-5DF6-4E99-B48E-260454AE825C}.Release|Any CPU.Build.0 = Release|Any CPU
		{77246599-5DF6-4E99-B48E-260454AE825C}.Release|x64.ActiveCfg = Release|Any CPU
		{77246599-5DF6-4E99-B48E-260454AE825C}.Release|x64.Build.0 = Release|Any CPU
		{77246599-5DF6-4E99-B48E-260454AE825C}.Release|x86.ActiveCfg = Release|Any CPU
		{77246599-5DF6-4E99-B48E-260454AE825C}.Release|x86.Build.0 = Release|Any CPU
		{ABA4FA64-E12C-4AF4-AF78-2991CF61BD21}.Debug|Any CPU.ActiveCfg = Debug|Any CPU
		{ABA4FA64-E12C-4AF4-AF78-2991CF61BD21}.Debug|Any CPU.Build.0 = Debug|Any CPU
		{ABA4FA64-E12C-4AF4-AF78-2991CF61BD21}.Debug|x64.ActiveCfg = Debug|Any CPU
		{ABA4FA64-E12C-4AF4-AF78-2991CF61BD21}.Debug|x64.Build.0 = Debug|Any CPU
		{ABA4FA64-E12C-4AF4-AF78-2991CF61BD21}.Debug|x86.ActiveCfg = Debug|Any CPU
		{ABA4FA64-E12C-4AF4-AF78-2991CF61BD21}.Debug|x86.Build.0 = Debug|Any CPU
		{ABA4FA64-E12C-4AF4-AF78-2991CF61BD21}.Release|Any CPU.ActiveCfg = Release|Any CPU
		{ABA4FA64-E12C-4AF4-AF78-2991CF61BD21}.Release|Any CPU.Build.0 = Release|Any CPU
		{ABA4FA64-E12C-4AF4-AF78-2991CF61BD21}.Release|x64.ActiveCfg = Release|Any CPU
		{ABA4FA64-E12C-4AF4-AF78-2991CF61BD21}.Release|x64.Build.0 = Release|Any CPU
		{ABA4FA64-E12C-4AF4-AF78-2991CF61BD21}.Release|x86.ActiveCfg = Release|Any CPU
		{ABA4FA64-E12C-4AF4-AF78-2991CF61BD21}.Release|x86.Build.0 = Release|Any CPU
		{FA4CE99B-99DD-42BA-81D3-AEE7B5499274}.Debug|Any CPU.ActiveCfg = Debug|Any CPU
		{FA4CE99B-99DD-42BA-81D3-AEE7B5499274}.Debug|Any CPU.Build.0 = Debug|Any CPU
		{FA4CE99B-99DD-42BA-81D3-AEE7B5499274}.Debug|x64.ActiveCfg = Debug|Any CPU
		{FA4CE99B-99DD-42BA-81D3-AEE7B5499274}.Debug|x64.Build.0 = Debug|Any CPU
		{FA4CE99B-99DD-42BA-81D3-AEE7B5499274}.Debug|x86.ActiveCfg = Debug|Any CPU
		{FA4CE99B-99DD-42BA-81D3-AEE7B5499274}.Debug|x86.Build.0 = Debug|Any CPU
		{FA4CE99B-99DD-42BA-81D3-AEE7B5499274}.Release|Any CPU.ActiveCfg = Release|Any CPU
		{FA4CE99B-99DD-42BA-81D3-AEE7B5499274}.Release|Any CPU.Build.0 = Release|Any CPU
		{FA4CE99B-99DD-42BA-81D3-AEE7B5499274}.Release|x64.ActiveCfg = Release|Any CPU
		{FA4CE99B-99DD-42BA-81D3-AEE7B5499274}.Release|x64.Build.0 = Release|Any CPU
		{FA4CE99B-99DD-42BA-81D3-AEE7B5499274}.Release|x86.ActiveCfg = Release|Any CPU
		{FA4CE99B-99DD-42BA-81D3-AEE7B5499274}.Release|x86.Build.0 = Release|Any CPU
		{1D2449CC-BDC6-4169-94E7-680010DDF0C9}.Debug|Any CPU.ActiveCfg = Debug|Any CPU
		{1D2449CC-BDC6-4169-94E7-680010DDF0C9}.Debug|Any CPU.Build.0 = Debug|Any CPU
		{1D2449CC-BDC6-4169-94E7-680010DDF0C9}.Debug|x64.ActiveCfg = Debug|Any CPU
		{1D2449CC-BDC6-4169-94E7-680010DDF0C9}.Debug|x64.Build.0 = Debug|Any CPU
		{1D2449CC-BDC6-4169-94E7-680010DDF0C9}.Debug|x86.ActiveCfg = Debug|Any CPU
		{1D2449CC-BDC6-4169-94E7-680010DDF0C9}.Debug|x86.Build.0 = Debug|Any CPU
		{1D2449CC-BDC6-4169-94E7-680010DDF0C9}.Release|Any CPU.ActiveCfg = Release|Any CPU
		{1D2449CC-BDC6-4169-94E7-680010DDF0C9}.Release|Any CPU.Build.0 = Release|Any CPU
		{1D2449CC-BDC6-4169-94E7-680010DDF0C9}.Release|x64.ActiveCfg = Release|Any CPU
		{1D2449CC-BDC6-4169-94E7-680010DDF0C9}.Release|x64.Build.0 = Release|Any CPU
		{1D2449CC-BDC6-4169-94E7-680010DDF0C9}.Release|x86.ActiveCfg = Release|Any CPU
		{1D2449CC-BDC6-4169-94E7-680010DDF0C9}.Release|x86.Build.0 = Release|Any CPU
		{70067E02-11A6-42C1-8D37-9E67BB742A90}.Debug|Any CPU.ActiveCfg = Debug|Any CPU
		{70067E02-11A6-42C1-8D37-9E67BB742A90}.Debug|Any CPU.Build.0 = Debug|Any CPU
		{70067E02-11A6-42C1-8D37-9E67BB742A90}.Debug|x64.ActiveCfg = Debug|Any CPU
		{70067E02-11A6-42C1-8D37-9E67BB742A90}.Debug|x64.Build.0 = Debug|Any CPU
		{70067E02-11A6-42C1-8D37-9E67BB742A90}.Debug|x86.ActiveCfg = Debug|Any CPU
		{70067E02-11A6-42C1-8D37-9E67BB742A90}.Debug|x86.Build.0 = Debug|Any CPU
		{70067E02-11A6-42C1-8D37-9E67BB742A90}.Release|Any CPU.ActiveCfg = Release|Any CPU
		{70067E02-11A6-42C1-8D37-9E67BB742A90}.Release|Any CPU.Build.0 = Release|Any CPU
		{70067E02-11A6-42C1-8D37-9E67BB742A90}.Release|x64.ActiveCfg = Release|Any CPU
		{70067E02-11A6-42C1-8D37-9E67BB742A90}.Release|x64.Build.0 = Release|Any CPU
		{70067E02-11A6-42C1-8D37-9E67BB742A90}.Release|x86.ActiveCfg = Release|Any CPU
		{70067E02-11A6-42C1-8D37-9E67BB742A90}.Release|x86.Build.0 = Release|Any CPU
		{B454C9F4-EE2C-4100-AAE9-9F5E9C012B2A}.Debug|Any CPU.ActiveCfg = Debug|Any CPU
		{B454C9F4-EE2C-4100-AAE9-9F5E9C012B2A}.Debug|Any CPU.Build.0 = Debug|Any CPU
		{B454C9F4-EE2C-4100-AAE9-9F5E9C012B2A}.Debug|x64.ActiveCfg = Debug|Any CPU
		{B454C9F4-EE2C-4100-AAE9-9F5E9C012B2A}.Debug|x64.Build.0 = Debug|Any CPU
		{B454C9F4-EE2C-4100-AAE9-9F5E9C012B2A}.Debug|x86.ActiveCfg = Debug|Any CPU
		{B454C9F4-EE2C-4100-AAE9-9F5E9C012B2A}.Debug|x86.Build.0 = Debug|Any CPU
		{B454C9F4-EE2C-4100-AAE9-9F5E9C012B2A}.Release|Any CPU.ActiveCfg = Release|Any CPU
		{B454C9F4-EE2C-4100-AAE9-9F5E9C012B2A}.Release|Any CPU.Build.0 = Release|Any CPU
		{B454C9F4-EE2C-4100-AAE9-9F5E9C012B2A}.Release|x64.ActiveCfg = Release|Any CPU
		{B454C9F4-EE2C-4100-AAE9-9F5E9C012B2A}.Release|x64.Build.0 = Release|Any CPU
		{B454C9F4-EE2C-4100-AAE9-9F5E9C012B2A}.Release|x86.ActiveCfg = Release|Any CPU
		{B454C9F4-EE2C-4100-AAE9-9F5E9C012B2A}.Release|x86.Build.0 = Release|Any CPU
		{74FE2B0D-961B-4548-9323-C0D64A4432CC}.Debug|Any CPU.ActiveCfg = Debug|Any CPU
		{74FE2B0D-961B-4548-9323-C0D64A4432CC}.Debug|Any CPU.Build.0 = Debug|Any CPU
		{74FE2B0D-961B-4548-9323-C0D64A4432CC}.Debug|x64.ActiveCfg = Debug|Any CPU
		{74FE2B0D-961B-4548-9323-C0D64A4432CC}.Debug|x64.Build.0 = Debug|Any CPU
		{74FE2B0D-961B-4548-9323-C0D64A4432CC}.Debug|x86.ActiveCfg = Debug|Any CPU
		{74FE2B0D-961B-4548-9323-C0D64A4432CC}.Debug|x86.Build.0 = Debug|Any CPU
		{74FE2B0D-961B-4548-9323-C0D64A4432CC}.Release|Any CPU.ActiveCfg = Release|Any CPU
		{74FE2B0D-961B-4548-9323-C0D64A4432CC}.Release|Any CPU.Build.0 = Release|Any CPU
		{74FE2B0D-961B-4548-9323-C0D64A4432CC}.Release|x64.ActiveCfg = Release|Any CPU
		{74FE2B0D-961B-4548-9323-C0D64A4432CC}.Release|x64.Build.0 = Release|Any CPU
		{74FE2B0D-961B-4548-9323-C0D64A4432CC}.Release|x86.ActiveCfg = Release|Any CPU
		{74FE2B0D-961B-4548-9323-C0D64A4432CC}.Release|x86.Build.0 = Release|Any CPU
		{A3B8395C-3CE5-4094-9F40-40A7D2DA31D5}.Debug|Any CPU.ActiveCfg = Debug|Any CPU
		{A3B8395C-3CE5-4094-9F40-40A7D2DA31D5}.Debug|Any CPU.Build.0 = Debug|Any CPU
		{A3B8395C-3CE5-4094-9F40-40A7D2DA31D5}.Debug|x64.ActiveCfg = Debug|Any CPU
		{A3B8395C-3CE5-4094-9F40-40A7D2DA31D5}.Debug|x64.Build.0 = Debug|Any CPU
		{A3B8395C-3CE5-4094-9F40-40A7D2DA31D5}.Debug|x86.ActiveCfg = Debug|Any CPU
		{A3B8395C-3CE5-4094-9F40-40A7D2DA31D5}.Debug|x86.Build.0 = Debug|Any CPU
		{A3B8395C-3CE5-4094-9F40-40A7D2DA31D5}.Release|Any CPU.ActiveCfg = Release|Any CPU
		{A3B8395C-3CE5-4094-9F40-40A7D2DA31D5}.Release|Any CPU.Build.0 = Release|Any CPU
		{A3B8395C-3CE5-4094-9F40-40A7D2DA31D5}.Release|x64.ActiveCfg = Release|Any CPU
		{A3B8395C-3CE5-4094-9F40-40A7D2DA31D5}.Release|x64.Build.0 = Release|Any CPU
		{A3B8395C-3CE5-4094-9F40-40A7D2DA31D5}.Release|x86.ActiveCfg = Release|Any CPU
		{A3B8395C-3CE5-4094-9F40-40A7D2DA31D5}.Release|x86.Build.0 = Release|Any CPU
	EndGlobalSection
	GlobalSection(SolutionProperties) = preSolution
		HideSolutionNode = FALSE
	EndGlobalSection
	GlobalSection(NestedProjects) = preSolution
		{FF9173A0-FE4C-4C2C-AA2B-FEDA8581A122} = {827E0CD3-B72D-47B6-A68D-7590B98EB39B}
		{77246599-5DF6-4E99-B48E-260454AE825C} = {827E0CD3-B72D-47B6-A68D-7590B98EB39B}
		{ABA4FA64-E12C-4AF4-AF78-2991CF61BD21} = {827E0CD3-B72D-47B6-A68D-7590B98EB39B}
		{FA4CE99B-99DD-42BA-81D3-AEE7B5499274} = {827E0CD3-B72D-47B6-A68D-7590B98EB39B}
		{1D2449CC-BDC6-4169-94E7-680010DDF0C9} = {0AB3BF05-4346-4AA6-1389-037BE0695223}
		{70067E02-11A6-42C1-8D37-9E67BB742A90} = {0AB3BF05-4346-4AA6-1389-037BE0695223}
		{B454C9F4-EE2C-4100-AAE9-9F5E9C012B2A} = {0AB3BF05-4346-4AA6-1389-037BE0695223}
		{74FE2B0D-961B-4548-9323-C0D64A4432CC} = {0AB3BF05-4346-4AA6-1389-037BE0695223}
		{A3B8395C-3CE5-4094-9F40-40A7D2DA31D5} = {0AB3BF05-4346-4AA6-1389-037BE0695223}
	EndGlobalSection
	GlobalSection(ExtensibilityGlobals) = postSolution
		SolutionGuid = {8001236A-6D57-499F-B8D4-920AE9275DCE}
	EndGlobalSection
EndGlobal
